// !$*UTF8*$!
{
	archiveVersion = 1;
	classes = {
	};
	objectVersion = 48;
	objects = {

/* Begin PBXBuildFile section */
		2E1984DB2081C43800A69759 /* StatsCell.swift in Sources */ = {isa = PBXBuildFile; fileRef = 2E1984DA2081C43800A69759 /* StatsCell.swift */; };
		2E3EB58E2076FE2E004FDE84 /* IndividualVC.swift in Sources */ = {isa = PBXBuildFile; fileRef = 2E3EB58D2076FE2E004FDE84 /* IndividualVC.swift */; };
		2E3EB5902076FE5A004FDE84 /* IndividualStatsVC.swift in Sources */ = {isa = PBXBuildFile; fileRef = 2E3EB58F2076FE5A004FDE84 /* IndividualStatsVC.swift */; };
		2E42B454207830C4002D8779 /* Shared in Resources */ = {isa = PBXBuildFile; fileRef = 2E42B453207830C3002D8779 /* Shared */; };
		2EC3393C2041D12F0074AECB /* AppDelegate.swift in Sources */ = {isa = PBXBuildFile; fileRef = 2EC3393B2041D12F0074AECB /* AppDelegate.swift */; };
		2EC3393E2041D12F0074AECB /* StandingsVC.swift in Sources */ = {isa = PBXBuildFile; fileRef = 2EC3393D2041D12F0074AECB /* StandingsVC.swift */; };
		2EC339412041D12F0074AECB /* Main.storyboard in Resources */ = {isa = PBXBuildFile; fileRef = 2EC3393F2041D12F0074AECB /* Main.storyboard */; };
		2EC339432041D12F0074AECB /* Assets.xcassets in Resources */ = {isa = PBXBuildFile; fileRef = 2EC339422041D12F0074AECB /* Assets.xcassets */; };
		2EC339462041D12F0074AECB /* LaunchScreen.storyboard in Resources */ = {isa = PBXBuildFile; fileRef = 2EC339442041D12F0074AECB /* LaunchScreen.storyboard */; };
		2ED15FF02079A2A500526853 /* IndyCell.swift in Sources */ = {isa = PBXBuildFile; fileRef = 2ED15FEF2079A2A500526853 /* IndyCell.swift */; };
		2ED15FF22079AF1600526853 /* Player.swift in Sources */ = {isa = PBXBuildFile; fileRef = 2ED15FF12079AF1600526853 /* Player.swift */; };
		EA1A11AF5DF5F91C3316739A /* Pods_MLBStats.framework in Frameworks */ = {isa = PBXBuildFile; fileRef = 45D3A4F32A009043585DFF26 /* Pods_MLBStats.framework */; };
/* End PBXBuildFile section */

/* Begin PBXFileReference section */
		2E1984DA2081C43800A69759 /* StatsCell.swift */ = {isa = PBXFileReference; lastKnownFileType = sourcecode.swift; path = StatsCell.swift; sourceTree = "<group>"; };
		2E3EB58D2076FE2E004FDE84 /* IndividualVC.swift */ = {isa = PBXFileReference; lastKnownFileType = sourcecode.swift; path = IndividualVC.swift; sourceTree = "<group>"; };
		2E3EB58F2076FE5A004FDE84 /* IndividualStatsVC.swift */ = {isa = PBXFileReference; lastKnownFileType = sourcecode.swift; path = IndividualStatsVC.swift; sourceTree = "<group>"; };
		2E42B453207830C3002D8779 /* Shared */ = {isa = PBXFileReference; lastKnownFileType = folder; name = Shared; path = "../../../../Downloads/sqlite-final/SQLiteTutorial/Shared"; sourceTree = "<group>"; };
		2EC339382041D12F0074AECB /* MLBStats.app */ = {isa = PBXFileReference; explicitFileType = wrapper.application; includeInIndex = 0; path = MLBStats.app; sourceTree = BUILT_PRODUCTS_DIR; };
		2EC3393B2041D12F0074AECB /* AppDelegate.swift */ = {isa = PBXFileReference; lastKnownFileType = sourcecode.swift; path = AppDelegate.swift; sourceTree = "<group>"; };
		2EC3393D2041D12F0074AECB /* StandingsVC.swift */ = {isa = PBXFileReference; lastKnownFileType = sourcecode.swift; path = StandingsVC.swift; sourceTree = "<group>"; };
		2EC339402041D12F0074AECB /* Base */ = {isa = PBXFileReference; lastKnownFileType = file.storyboard; name = Base; path = Base.lproj/Main.storyboard; sourceTree = "<group>"; };
		2EC339422041D12F0074AECB /* Assets.xcassets */ = {isa = PBXFileReference; lastKnownFileType = folder.assetcatalog; path = Assets.xcassets; sourceTree = "<group>"; };
		2EC339452041D12F0074AECB /* Base */ = {isa = PBXFileReference; lastKnownFileType = file.storyboard; name = Base; path = Base.lproj/LaunchScreen.storyboard; sourceTree = "<group>"; };
		2EC339472041D12F0074AECB /* Info.plist */ = {isa = PBXFileReference; lastKnownFileType = text.plist.xml; path = Info.plist; sourceTree = "<group>"; };
		2ED15FEF2079A2A500526853 /* IndyCell.swift */ = {isa = PBXFileReference; lastKnownFileType = sourcecode.swift; path = IndyCell.swift; sourceTree = "<group>"; };
		2ED15FF12079AF1600526853 /* Player.swift */ = {isa = PBXFileReference; lastKnownFileType = sourcecode.swift; path = Player.swift; sourceTree = "<group>"; };
		45D3A4F32A009043585DFF26 /* Pods_MLBStats.framework */ = {isa = PBXFileReference; explicitFileType = wrapper.framework; includeInIndex = 0; path = Pods_MLBStats.framework; sourceTree = BUILT_PRODUCTS_DIR; };
		9A868DF218249038DC1176A6 /* Pods-MLBStats.release.xcconfig */ = {isa = PBXFileReference; includeInIndex = 1; lastKnownFileType = text.xcconfig; name = "Pods-MLBStats.release.xcconfig"; path = "Pods/Target Support Files/Pods-MLBStats/Pods-MLBStats.release.xcconfig"; sourceTree = "<group>"; };
		DA7AB273CD83DD0E53954E8D /* Pods-MLBStats.debug.xcconfig */ = {isa = PBXFileReference; includeInIndex = 1; lastKnownFileType = text.xcconfig; name = "Pods-MLBStats.debug.xcconfig"; path = "Pods/Target Support Files/Pods-MLBStats/Pods-MLBStats.debug.xcconfig"; sourceTree = "<group>"; };
/* End PBXFileReference section */

/* Begin PBXFrameworksBuildPhase section */
		2EC339352041D12F0074AECB /* Frameworks */ = {
			isa = PBXFrameworksBuildPhase;
			buildActionMask = 2147483647;
			files = (
				EA1A11AF5DF5F91C3316739A /* Pods_MLBStats.framework in Frameworks */,
			);
			runOnlyForDeploymentPostprocessing = 0;
		};
/* End PBXFrameworksBuildPhase section */

/* Begin PBXGroup section */
		2E3EB58C2076FDA5004FDE84 /* Controllers */ = {
			isa = PBXGroup;
			children = (
				2EC3393D2041D12F0074AECB /* StandingsVC.swift */,
				2E3EB58D2076FE2E004FDE84 /* IndividualVC.swift */,
				2E3EB58F2076FE5A004FDE84 /* IndividualStatsVC.swift */,
			);
			path = Controllers;
			sourceTree = "<group>";
		};
		2EC3392F2041D12F0074AECB = {
			isa = PBXGroup;
			children = (
				2EC3393A2041D12F0074AECB /* MLBStats */,
				2EC339392041D12F0074AECB /* Products */,
				FB4ADF7A81B83D064D84E497 /* Pods */,
				34373E7C7B63A96E15AA0413 /* Frameworks */,
			);
			sourceTree = "<group>";
		};
		2EC339392041D12F0074AECB /* Products */ = {
			isa = PBXGroup;
			children = (
				2EC339382041D12F0074AECB /* MLBStats.app */,
			);
			name = Products;
			sourceTree = "<group>";
		};
		2EC3393A2041D12F0074AECB /* MLBStats */ = {
			isa = PBXGroup;
			children = (
				2ED15FEE2079A27B00526853 /* CollectionCells */,
				2E42B453207830C3002D8779 /* Shared */,
				2EC3393B2041D12F0074AECB /* AppDelegate.swift */,
				2E3EB58C2076FDA5004FDE84 /* Controllers */,
				2EC3393F2041D12F0074AECB /* Main.storyboard */,
				2EC339422041D12F0074AECB /* Assets.xcassets */,
				2EC339442041D12F0074AECB /* LaunchScreen.storyboard */,
				2EC339472041D12F0074AECB /* Info.plist */,
				2ED15FF12079AF1600526853 /* Player.swift */,
			);
			path = MLBStats;
			sourceTree = "<group>";
		};
		2ED15FEE2079A27B00526853 /* CollectionCells */ = {
			isa = PBXGroup;
			children = (
				2ED15FEF2079A2A500526853 /* IndyCell.swift */,
				2E1984DA2081C43800A69759 /* StatsCell.swift */,
			);
			path = CollectionCells;
			sourceTree = "<group>";
		};
		34373E7C7B63A96E15AA0413 /* Frameworks */ = {
			isa = PBXGroup;
			children = (
				45D3A4F32A009043585DFF26 /* Pods_MLBStats.framework */,
			);
			name = Frameworks;
			sourceTree = "<group>";
		};
		FB4ADF7A81B83D064D84E497 /* Pods */ = {
			isa = PBXGroup;
			children = (
				DA7AB273CD83DD0E53954E8D /* Pods-MLBStats.debug.xcconfig */,
				9A868DF218249038DC1176A6 /* Pods-MLBStats.release.xcconfig */,
			);
			name = Pods;
			sourceTree = "<group>";
		};
/* End PBXGroup section */

/* Begin PBXNativeTarget section */
		2EC339372041D12F0074AECB /* MLBStats */ = {
			isa = PBXNativeTarget;
			buildConfigurationList = 2EC3394A2041D12F0074AECB /* Build configuration list for PBXNativeTarget "MLBStats" */;
			buildPhases = (
				AF55EB865ACE64D68781FE69 /* [CP] Check Pods Manifest.lock */,
				2EC339342041D12F0074AECB /* Sources */,
				2EC339352041D12F0074AECB /* Frameworks */,
				2EC339362041D12F0074AECB /* Resources */,
				93426280A56F44D950C5979D /* [CP] Embed Pods Frameworks */,
				87F7015DF674AF78C2BF477A /* [CP] Copy Pods Resources */,
			);
			buildRules = (
			);
			dependencies = (
			);
			name = MLBStats;
			productName = MLBStats;
			productReference = 2EC339382041D12F0074AECB /* MLBStats.app */;
			productType = "com.apple.product-type.application";
		};
/* End PBXNativeTarget section */

/* Begin PBXProject section */
		2EC339302041D12F0074AECB /* Project object */ = {
			isa = PBXProject;
			attributes = {
				LastSwiftUpdateCheck = 0920;
				LastUpgradeCheck = 0920;
				ORGANIZATIONNAME = "Robert Wais";
				TargetAttributes = {
					2EC339372041D12F0074AECB = {
						CreatedOnToolsVersion = 9.2;
						ProvisioningStyle = Automatic;
					};
				};
			};
			buildConfigurationList = 2EC339332041D12F0074AECB /* Build configuration list for PBXProject "MLBStats" */;
			compatibilityVersion = "Xcode 8.0";
			developmentRegion = en;
			hasScannedForEncodings = 0;
			knownRegions = (
				en,
				Base,
			);
			mainGroup = 2EC3392F2041D12F0074AECB;
			productRefGroup = 2EC339392041D12F0074AECB /* Products */;
			projectDirPath = "";
			projectRoot = "";
			targets = (
				2EC339372041D12F0074AECB /* MLBStats */,
			);
		};
/* End PBXProject section */

/* Begin PBXResourcesBuildPhase section */
		2EC339362041D12F0074AECB /* Resources */ = {
			isa = PBXResourcesBuildPhase;
			buildActionMask = 2147483647;
			files = (
				2EC339462041D12F0074AECB /* LaunchScreen.storyboard in Resources */,
				2E42B454207830C4002D8779 /* Shared in Resources */,
				2EC339432041D12F0074AECB /* Assets.xcassets in Resources */,
				2EC339412041D12F0074AECB /* Main.storyboard in Resources */,
			);
			runOnlyForDeploymentPostprocessing = 0;
		};
/* End PBXResourcesBuildPhase section */

/* Begin PBXShellScriptBuildPhase section */
		87F7015DF674AF78C2BF477A /* [CP] Copy Pods Resources */ = {
			isa = PBXShellScriptBuildPhase;
			buildActionMask = 2147483647;
			files = (
			);
			inputPaths = (
			);
			name = "[CP] Copy Pods Resources";
			outputPaths = (
			);
			runOnlyForDeploymentPostprocessing = 0;
			shellPath = /bin/sh;
			shellScript = "\"${SRCROOT}/Pods/Target Support Files/Pods-MLBStats/Pods-MLBStats-resources.sh\"\n";
			showEnvVarsInLog = 0;
		};
		93426280A56F44D950C5979D /* [CP] Embed Pods Frameworks */ = {
			isa = PBXShellScriptBuildPhase;
			buildActionMask = 2147483647;
			files = (
			);
			inputPaths = (
				"${SRCROOT}/Pods/Target Support Files/Pods-MLBStats/Pods-MLBStats-frameworks.sh",
				"${BUILT_PRODUCTS_DIR}/Alamofire/Alamofire.framework",
				"${BUILT_PRODUCTS_DIR}/SQLite.swift/SQLite.framework",
			);
			name = "[CP] Embed Pods Frameworks";
			outputPaths = (
				"${TARGET_BUILD_DIR}/${FRAMEWORKS_FOLDER_PATH}/Alamofire.framework",
				"${TARGET_BUILD_DIR}/${FRAMEWORKS_FOLDER_PATH}/SQLite.framework",
			);
			runOnlyForDeploymentPostprocessing = 0;
			shellPath = /bin/sh;
			shellScript = "\"${SRCROOT}/Pods/Target Support Files/Pods-MLBStats/Pods-MLBStats-frameworks.sh\"\n";
			showEnvVarsInLog = 0;
		};
		AF55EB865ACE64D68781FE69 /* [CP] Check Pods Manifest.lock */ = {
			isa = PBXShellScriptBuildPhase;
			buildActionMask = 2147483647;
			files = (
			);
			inputPaths = (
				"${PODS_PODFILE_DIR_PATH}/Podfile.lock",
				"${PODS_ROOT}/Manifest.lock",
			);
			name = "[CP] Check Pods Manifest.lock";
			outputPaths = (
				"$(DERIVED_FILE_DIR)/Pods-MLBStats-checkManifestLockResult.txt",
			);
			runOnlyForDeploymentPostprocessing = 0;
			shellPath = /bin/sh;
			shellScript = "diff \"${PODS_PODFILE_DIR_PATH}/Podfile.lock\" \"${PODS_ROOT}/Manifest.lock\" > /dev/null\nif [ $? != 0 ] ; then\n    # print error to STDERR\n    echo \"error: The sandbox is not in sync with the Podfile.lock. Run 'pod install' or update your CocoaPods installation.\" >&2\n    exit 1\nfi\n# This output is used by Xcode 'outputs' to avoid re-running this script phase.\necho \"SUCCESS\" > \"${SCRIPT_OUTPUT_FILE_0}\"\n";
			showEnvVarsInLog = 0;
		};
/* End PBXShellScriptBuildPhase section */

/* Begin PBXSourcesBuildPhase section */
		2EC339342041D12F0074AECB /* Sources */ = {
			isa = PBXSourcesBuildPhase;
			buildActionMask = 2147483647;
			files = (
				2EC3393E2041D12F0074AECB /* StandingsVC.swift in Sources */,
				2ED15FF02079A2A500526853 /* IndyCell.swift in Sources */,
				2EC3393C2041D12F0074AECB /* AppDelegate.swift in Sources */,
				2E1984DB2081C43800A69759 /* StatsCell.swift in Sources */,
				2E3EB58E2076FE2E004FDE84 /* IndividualVC.swift in Sources */,
				2ED15FF22079AF1600526853 /* Player.swift in Sources */,
				2E3EB5902076FE5A004FDE84 /* IndividualStatsVC.swift in Sources */,
			);
			runOnlyForDeploymentPostprocessing = 0;
		};
/* End PBXSourcesBuildPhase section */

/* Begin PBXVariantGroup section */
		2EC3393F2041D12F0074AECB /* Main.storyboard */ = {
			isa = PBXVariantGroup;
			children = (
				2EC339402041D12F0074AECB /* Base */,
			);
			name = Main.storyboard;
			sourceTree = "<group>";
		};
		2EC339442041D12F0074AECB /* LaunchScreen.storyboard */ = {
			isa = PBXVariantGroup;
			children = (
				2EC339452041D12F0074AECB /* Base */,
			);
			name = LaunchScreen.storyboard;
			sourceTree = "<group>";
		};
/* End PBXVariantGroup section */

/* Begin XCBuildConfiguration section */
		2EC339482041D12F0074AECB /* Debug */ = {
			isa = XCBuildConfiguration;
			buildSettings = {
				ALWAYS_SEARCH_USER_PATHS = NO;
				CLANG_ANALYZER_NONNULL = YES;
				CLANG_ANALYZER_NUMBER_OBJECT_CONVERSION = YES_AGGRESSIVE;
				CLANG_CXX_LANGUAGE_STANDARD = "gnu++14";
				CLANG_CXX_LIBRARY = "libc++";
				CLANG_ENABLE_MODULES = YES;
				CLANG_ENABLE_OBJC_ARC = YES;
				CLANG_WARN_BLOCK_CAPTURE_AUTORELEASING = YES;
				CLANG_WARN_BOOL_CONVERSION = YES;
				CLANG_WARN_COMMA = YES;
				CLANG_WARN_CONSTANT_CONVERSION = YES;
				CLANG_WARN_DIRECT_OBJC_ISA_USAGE = YES_ERROR;
				CLANG_WARN_DOCUMENTATION_COMMENTS = YES;
				CLANG_WARN_EMPTY_BODY = YES;
				CLANG_WARN_ENUM_CONVERSION = YES;
				CLANG_WARN_INFINITE_RECURSION = YES;
				CLANG_WARN_INT_CONVERSION = YES;
				CLANG_WARN_NON_LITERAL_NULL_CONVERSION = YES;
				CLANG_WARN_OBJC_LITERAL_CONVERSION = YES;
				CLANG_WARN_OBJC_ROOT_CLASS = YES_ERROR;
				CLANG_WARN_RANGE_LOOP_ANALYSIS = YES;
				CLANG_WARN_STRICT_PROTOTYPES = YES;
				CLANG_WARN_SUSPICIOUS_MOVE = YES;
				CLANG_WARN_UNGUARDED_AVAILABILITY = YES_AGGRESSIVE;
				CLANG_WARN_UNREACHABLE_CODE = YES;
				CLANG_WARN__DUPLICATE_METHOD_MATCH = YES;
				CODE_SIGN_IDENTITY = "iPhone Developer";
				COPY_PHASE_STRIP = NO;
				DEBUG_INFORMATION_FORMAT = dwarf;
				ENABLE_STRICT_OBJC_MSGSEND = YES;
				ENABLE_TESTABILITY = YES;
				GCC_C_LANGUAGE_STANDARD = gnu11;
				GCC_DYNAMIC_NO_PIC = NO;
				GCC_NO_COMMON_BLOCKS = YES;
				GCC_OPTIMIZATION_LEVEL = 0;
				GCC_PREPROCESSOR_DEFINITIONS = (
					"DEBUG=1",
					"$(inherited)",
				);
				GCC_WARN_64_TO_32_BIT_CONVERSION = YES;
				GCC_WARN_ABOUT_RETURN_TYPE = YES_ERROR;
				GCC_WARN_UNDECLARED_SELECTOR = YES;
				GCC_WARN_UNINITIALIZED_AUTOS = YES_AGGRESSIVE;
				GCC_WARN_UNUSED_FUNCTION = YES;
				GCC_WARN_UNUSED_VARIABLE = YES;
				IPHONEOS_DEPLOYMENT_TARGET = 11.2;
				MTL_ENABLE_DEBUG_INFO = YES;
				ONLY_ACTIVE_ARCH = YES;
				SDKROOT = iphoneos;
				SWIFT_ACTIVE_COMPILATION_CONDITIONS = DEBUG;
				SWIFT_OPTIMIZATION_LEVEL = "-Onone";
			};
			name = Debug;
		};
		2EC339492041D12F0074AECB /* Release */ = {
			isa = XCBuildConfiguration;
			buildSettings = {
				ALWAYS_SEARCH_USER_PATHS = NO;
				CLANG_ANALYZER_NONNULL = YES;
				CLANG_ANALYZER_NUMBER_OBJECT_CONVERSION = YES_AGGRESSIVE;
				CLANG_CXX_LANGUAGE_STANDARD = "gnu++14";
				CLANG_CXX_LIBRARY = "libc++";
				CLANG_ENABLE_MODULES = YES;
				CLANG_ENABLE_OBJC_ARC = YES;
				CLANG_WARN_BLOCK_CAPTURE_AUTORELEASING = YES;
				CLANG_WARN_BOOL_CONVERSION = YES;
				CLANG_WARN_COMMA = YES;
				CLANG_WARN_CONSTANT_CONVERSION = YES;
				CLANG_WARN_DIRECT_OBJC_ISA_USAGE = YES_ERROR;
				CLANG_WARN_DOCUMENTATION_COMMENTS = YES;
				CLANG_WARN_EMPTY_BODY = YES;
				CLANG_WARN_ENUM_CONVERSION = YES;
				CLANG_WARN_INFINITE_RECURSION = YES;
				CLANG_WARN_INT_CONVERSION = YES;
				CLANG_WARN_NON_LITERAL_NULL_CONVERSION = YES;
				CLANG_WARN_OBJC_LITERAL_CONVERSION = YES;
				CLANG_WARN_OBJC_ROOT_CLASS = YES_ERROR;
				CLANG_WARN_RANGE_LOOP_ANALYSIS = YES;
				CLANG_WARN_STRICT_PROTOTYPES = YES;
				CLANG_WARN_SUSPICIOUS_MOVE = YES;
				CLANG_WARN_UNGUARDED_AVAILABILITY = YES_AGGRESSIVE;
				CLANG_WARN_UNREACHABLE_CODE = YES;
				CLANG_WARN__DUPLICATE_METHOD_MATCH = YES;
				CODE_SIGN_IDENTITY = "iPhone Developer";
				COPY_PHASE_STRIP = NO;
				DEBUG_INFORMATION_FORMAT = "dwarf-with-dsym";
				ENABLE_NS_ASSERTIONS = NO;
				ENABLE_STRICT_OBJC_MSGSEND = YES;
				GCC_C_LANGUAGE_STANDARD = gnu11;
				GCC_NO_COMMON_BLOCKS = YES;
				GCC_WARN_64_TO_32_BIT_CONVERSION = YES;
				GCC_WARN_ABOUT_RETURN_TYPE = YES_ERROR;
				GCC_WARN_UNDECLARED_SELECTOR = YES;
				GCC_WARN_UNINITIALIZED_AUTOS = YES_AGGRESSIVE;
				GCC_WARN_UNUSED_FUNCTION = YES;
				GCC_WARN_UNUSED_VARIABLE = YES;
				IPHONEOS_DEPLOYMENT_TARGET = 11.2;
				MTL_ENABLE_DEBUG_INFO = NO;
				SDKROOT = iphoneos;
				SWIFT_OPTIMIZATION_LEVEL = "-Owholemodule";
				VALIDATE_PRODUCT = YES;
			};
			name = Release;
		};
		2EC3394B2041D12F0074AECB /* Debug */ = {
			isa = XCBuildConfiguration;
			baseConfigurationReference = DA7AB273CD83DD0E53954E8D /* Pods-MLBStats.debug.xcconfig */;
			buildSettings = {
				ASSETCATALOG_COMPILER_APPICON_NAME = AppIcon;
				CODE_SIGN_STYLE = Automatic;
				DEVELOPMENT_TEAM = 6V78FR972C;
				INFOPLIST_FILE = MLBStats/Info.plist;
				LD_RUNPATH_SEARCH_PATHS = "$(inherited) @executable_path/Frameworks";
				PRODUCT_BUNDLE_IDENTIFIER = com.Bob.MLBStats;
				PRODUCT_NAME = "$(TARGET_NAME)";
				SWIFT_VERSION = 4.0;
				TARGETED_DEVICE_FAMILY = "1,2";
			};
			name = Debug;
		};
		2EC3394C2041D12F0074AECB /* Release */ = {
			isa = XCBuildConfiguration;
			baseConfigurationReference = 9A868DF218249038DC1176A6 /* Pods-MLBStats.release.xcconfig */;
			buildSettings = {
				ASSETCATALOG_COMPILER_APPICON_NAME = AppIcon;
				CODE_SIGN_STYLE = Automatic;
				DEVELOPMENT_TEAM = 6V78FR972C;
				INFOPLIST_FILE = MLBStats/Info.plist;
				LD_RUNPATH_SEARCH_PATHS = "$(inherited) @executable_path/Frameworks";
				PRODUCT_BUNDLE_IDENTIFIER = com.Bob.MLBStats;
				PRODUCT_NAME = "$(TARGET_NAME)";
				SWIFT_VERSION = 4.0;
				TARGETED_DEVICE_FAMILY = "1,2";
			};
			name = Release;
		};
/* End XCBuildConfiguration section */

/* Begin XCConfigurationList section */
		2EC339332041D12F0074AECB /* Build configuration list for PBXProject "MLBStats" */ = {
			isa = XCConfigurationList;
			buildConfigurations = (
				2EC339482041D12F0074AECB /* Debug */,
				2EC339492041D12F0074AECB /* Release */,
			);
			defaultConfigurationIsVisible = 0;
			defaultConfigurationName = Release;
		};
		2EC3394A2041D12F0074AECB /* Build configuration list for PBXNativeTarget "MLBStats" */ = {
			isa = XCConfigurationList;
			buildConfigurations = (
				2EC3394B2041D12F0074AECB /* Debug */,
				2EC3394C2041D12F0074AECB /* Release */,
			);
			defaultConfigurationIsVisible = 0;
			defaultConfigurationName = Release;
		};
/* End XCConfigurationList section */
	};
	rootObject = 2EC339302041D12F0074AECB /* Project object */;
}
